
Microsoft Visual Studio Solution File, Format Version 12.00
# Visual Studio Version 17
VisualStudioVersion = 17.9.34723.18
MinimumVisualStudioVersion = 10.0.40219.1
Project("{FAE04EC0-301F-11D3-BF4B-00C04F79EFBC}") = "DEPO Computers_DataBase", "DEPO Computers_DataBase\DEPO Computers_DataBase.csproj", "{B67AEDA1-566D-4131-8AB5-0CA8F64D79D1}"
EndProject
Global
	GlobalSection(SolutionConfigurationPlatforms) = preSolution
		Debug|Any CPU = Debug|Any CPU
		Release|Any CPU = Release|Any CPU
	EndGlobalSection
	GlobalSection(ProjectConfigurationPlatforms) = postSolution
		{B67AEDA1-566D-4131-8AB5-0CA8F64D79D1}.Debug|Any CPU.ActiveCfg = Debug|Any CPU
		{B67AEDA1-566D-4131-8AB5-0CA8F64D79D1}.Debug|Any CPU.Build.0 = Debug|Any CPU
		{B67AEDA1-566D-4131-8AB5-0CA8F64D79D1}.Release|Any CPU.ActiveCfg = Release|Any CPU
		{B67AEDA1-566D-4131-8AB5-0CA8F64D79D1}.Release|Any CPU.Build.0 = Release|Any CPU
	EndGlobalSection
	GlobalSection(SolutionProperties) = preSolution
		HideSolutionNode = FALSE
	EndGlobalSection
	GlobalSection(ExtensibilityGlobals) = postSolution
		SolutionGuid = {C4759518-8640-4042-8E85-91CD65257CC4}
	EndGlobalSection
EndGlobal
